
Microsoft Visual Studio Solution File, Format Version 12.00
# Visual Studio 15
VisualStudioVersion = 15.0.26730.16
MinimumVisualStudioVersion = 10.0.40219.1
Project("{9A19103F-16F7-4668-BE54-9A1E7A4F7556}") = "Dva", "Dva\Dva.csproj", "{8BA43C8E-45DF-4184-BBEA-1AF3CA65BD27}"
EndProject
Project("{9A19103F-16F7-4668-BE54-9A1E7A4F7556}") = "DvaDataImporter", "DvaDataImporter\DvaDataImporter.csproj", "{A19F55E3-A179-4C3D-8B86-9EA9CB4661A2}"
EndProject
Project("{9A19103F-16F7-4668-BE54-9A1E7A4F7556}") = "DvaCore", "DvaCore\DvaCore.csproj", "{E6480827-3891-49B3-9190-13866476D958}"
EndProject
Project("{9A19103F-16F7-4668-BE54-9A1E7A4F7556}") = "DvaTest", "DvaTest\DvaTest.csproj", "{BE7E9A2E-33C4-4E24-A0A5-EA74F60AE38D}"
EndProject
Global
	GlobalSection(SolutionConfigurationPlatforms) = preSolution
		Debug|Any CPU = Debug|Any CPU
		Release|Any CPU = Release|Any CPU
	EndGlobalSection
	GlobalSection(ProjectConfigurationPlatforms) = postSolution
		{8BA43C8E-45DF-4184-BBEA-1AF3CA65BD27}.Debug|Any CPU.ActiveCfg = Debug|Any CPU
		{8BA43C8E-45DF-4184-BBEA-1AF3CA65BD27}.Debug|Any CPU.Build.0 = Debug|Any CPU
		{8BA43C8E-45DF-4184-BBEA-1AF3CA65BD27}.Release|Any CPU.ActiveCfg = Release|Any CPU
		{8BA43C8E-45DF-4184-BBEA-1AF3CA65BD27}.Release|Any CPU.Build.0 = Release|Any CPU
		{A19F55E3-A179-4C3D-8B86-9EA9CB4661A2}.Debug|Any CPU.ActiveCfg = Debug|Any CPU
		{A19F55E3-A179-4C3D-8B86-9EA9CB4661A2}.Debug|Any CPU.Build.0 = Debug|Any CPU
		{A19F55E3-A179-4C3D-8B86-9EA9CB4661A2}.Release|Any CPU.ActiveCfg = Release|Any CPU
		{A19F55E3-A179-4C3D-8B86-9EA9CB4661A2}.Release|Any CPU.Build.0 = Release|Any CPU
		{E6480827-3891-49B3-9190-13866476D958}.Debug|Any CPU.ActiveCfg = Debug|Any CPU
		{E6480827-3891-49B3-9190-13866476D958}.Debug|Any CPU.Build.0 = Debug|Any CPU
		{E6480827-3891-49B3-9190-13866476D958}.Release|Any CPU.ActiveCfg = Release|Any CPU
		{E6480827-3891-49B3-9190-13866476D958}.Release|Any CPU.Build.0 = Release|Any CPU
		{BE7E9A2E-33C4-4E24-A0A5-EA74F60AE38D}.Debug|Any CPU.ActiveCfg = Debug|Any CPU
		{BE7E9A2E-33C4-4E24-A0A5-EA74F60AE38D}.Debug|Any CPU.Build.0 = Debug|Any CPU
		{BE7E9A2E-33C4-4E24-A0A5-EA74F60AE38D}.Release|Any CPU.ActiveCfg = Release|Any CPU
		{BE7E9A2E-33C4-4E24-A0A5-EA74F60AE38D}.Release|Any CPU.Build.0 = Release|Any CPU
	EndGlobalSection
	GlobalSection(SolutionProperties) = preSolution
		HideSolutionNode = FALSE
	EndGlobalSection
	GlobalSection(ExtensibilityGlobals) = postSolution
		SolutionGuid = {EC293064-4F1A-41E2-B1ED-96DA96D96C74}
	EndGlobalSection
EndGlobal
